
Microsoft Visual Studio Solution File, Format Version 12.00
# Visual Studio Version 17
VisualStudioVersion = 17.4.33213.308
MinimumVisualStudioVersion = 10.0.40219.1
Project("{FAE04EC0-301F-11D3-BF4B-00C04F79EFBC}") = "dotnetcorewebapp", "dotnetcorewebapp.csproj", "{88D8173D-B879-4CAD-A2E7-26B7BE978D9F}"
EndProject
Global
	GlobalSection(SolutionConfigurationPlatforms) = preSolution
		Debug|Any CPU = Debug|Any CPU
		Release|Any CPU = Release|Any CPU
	EndGlobalSection
	GlobalSection(ProjectConfigurationPlatforms) = postSolution
		{88D8173D-B879-4CAD-A2E7-26B7BE978D9F}.Debug|Any CPU.ActiveCfg = Debug|Any CPU
		{88D8173D-B879-4CAD-A2E7-26B7BE978D9F}.Debug|Any CPU.Build.0 = Debug|Any CPU
		{88D8173D-B879-4CAD-A2E7-26B7BE978D9F}.Release|Any CPU.ActiveCfg = Release|Any CPU
		{88D8173D-B879-4CAD-A2E7-26B7BE978D9F}.Release|Any CPU.Build.0 = Release|Any CPU
	EndGlobalSection
	GlobalSection(SolutionProperties) = preSolution
		HideSolutionNode = FALSE
	EndGlobalSection
	GlobalSection(ExtensibilityGlobals) = postSolution
		SolutionGuid = {C8A908D2-EADF-4378-AA96-E69CBEF73608}
	EndGlobalSection
EndGlobal
